
Microsoft Visual Studio Solution File, Format Version 12.00
# Visual Studio Version 16
VisualStudioVersion = 16.6.30114.105
MinimumVisualStudioVersion = 10.0.40219.1
Project("{2150E333-8FDC-42A3-9474-1A3956D46DE8}") = "src", "src", "{CBC2E3B2-6130-4960-9D41-0EB38AD20A85}"
EndProject
Project("{FAE04EC0-301F-11D3-BF4B-00C04F79EFBC}") = "Vysotsky.API", "src\Vysotsky.API\Vysotsky.API.csproj", "{47CED302-2F81-4386-9E0B-470B5B1B5A91}"
EndProject
Project("{FAE04EC0-301F-11D3-BF4B-00C04F79EFBC}") = "Vysotsky.Data", "src\Vysotsky.Data\Vysotsky.Data.csproj", "{B19D1519-E18F-4F2F-B51B-E0BC954E08AD}"
EndProject
Project("{FAE04EC0-301F-11D3-BF4B-00C04F79EFBC}") = "Vysotsky.Service", "src\Vysotsky.Service\Vysotsky.Service.csproj", "{7680154A-E298-4D5F-88A1-148E33593532}"
EndProject
Project("{2150E333-8FDC-42A3-9474-1A3956D46DE8}") = "tests", "tests", "{6A78088D-F89C-48F5-8533-F7B10E681B23}"
EndProject
Project("{FAE04EC0-301F-11D3-BF4B-00C04F79EFBC}") = "Vysotsky.Service.Tests.Integration", "tests\Vysotsky.Service.Tests.Integration\Vysotsky.Service.Tests.Integration.csproj", "{55CBF458-74EA-40D3-836A-4438D913F734}"
EndProject
Project("{F2A71F9B-5D33-465A-A702-920D77279786}") = "Vysotsky.API.LoadTesting", "tests\Vysotsky.API.LoadTesting\Vysotsky.API.LoadTesting.fsproj", "{B1012392-6720-4625-91AC-AC515E201A50}"
EndProject
Project("{2150E333-8FDC-42A3-9474-1A3956D46DE8}") = "infra", "infra", "{548A4510-63DD-4813-9EEE-8BD0F7708479}"
EndProject
Project("{FAE04EC0-301F-11D3-BF4B-00C04F79EFBC}") = "Vysotsky.Migrations", "infra\Vysotsky.Migrations\Vysotsky.Migrations.csproj", "{8D0C0517-D64E-47AC-BB85-B42682B45BB2}"
EndProject
Project("{9A19103F-16F7-4668-BE54-9A1E7A4F7556}") = "_build", "build\_build.csproj", "{81FF8F6A-64C9-4B2E-B9FA-3B89CB1EC28F}"
EndProject
Global
	GlobalSection(SolutionProperties) = preSolution
		HideSolutionNode = FALSE
	EndGlobalSection
	GlobalSection(SolutionConfigurationPlatforms) = preSolution
		Debug|Any CPU = Debug|Any CPU
		Debug|x64 = Debug|x64
		Debug|x86 = Debug|x86
		Release|Any CPU = Release|Any CPU
		Release|x64 = Release|x64
		Release|x86 = Release|x86
	EndGlobalSection
	GlobalSection(ProjectConfigurationPlatforms) = postSolution
		{81FF8F6A-64C9-4B2E-B9FA-3B89CB1EC28F}.Debug|Any CPU.ActiveCfg = Debug|Any CPU
		{81FF8F6A-64C9-4B2E-B9FA-3B89CB1EC28F}.Release|Any CPU.ActiveCfg = Release|Any CPU
		{47CED302-2F81-4386-9E0B-470B5B1B5A91}.Debug|Any CPU.ActiveCfg = Debug|Any CPU
		{47CED302-2F81-4386-9E0B-470B5B1B5A91}.Debug|Any CPU.Build.0 = Debug|Any CPU
		{47CED302-2F81-4386-9E0B-470B5B1B5A91}.Debug|x64.ActiveCfg = Debug|Any CPU
		{47CED302-2F81-4386-9E0B-470B5B1B5A91}.Debug|x64.Build.0 = Debug|Any CPU
		{47CED302-2F81-4386-9E0B-470B5B1B5A91}.Debug|x86.ActiveCfg = Debug|Any CPU
		{47CED302-2F81-4386-9E0B-470B5B1B5A91}.Debug|x86.Build.0 = Debug|Any CPU
		{47CED302-2F81-4386-9E0B-470B5B1B5A91}.Release|Any CPU.ActiveCfg = Release|Any CPU
		{47CED302-2F81-4386-9E0B-470B5B1B5A91}.Release|Any CPU.Build.0 = Release|Any CPU
		{47CED302-2F81-4386-9E0B-470B5B1B5A91}.Release|x64.ActiveCfg = Release|Any CPU
		{47CED302-2F81-4386-9E0B-470B5B1B5A91}.Release|x64.Build.0 = Release|Any CPU
		{47CED302-2F81-4386-9E0B-470B5B1B5A91}.Release|x86.ActiveCfg = Release|Any CPU
		{47CED302-2F81-4386-9E0B-470B5B1B5A91}.Release|x86.Build.0 = Release|Any CPU
		{B19D1519-E18F-4F2F-B51B-E0BC954E08AD}.Debug|Any CPU.ActiveCfg = Debug|Any CPU
		{B19D1519-E18F-4F2F-B51B-E0BC954E08AD}.Debug|Any CPU.Build.0 = Debug|Any CPU
		{B19D1519-E18F-4F2F-B51B-E0BC954E08AD}.Debug|x64.ActiveCfg = Debug|Any CPU
		{B19D1519-E18F-4F2F-B51B-E0BC954E08AD}.Debug|x64.Build.0 = Debug|Any CPU
		{B19D1519-E18F-4F2F-B51B-E0BC954E08AD}.Debug|x86.ActiveCfg = Debug|Any CPU
		{B19D1519-E18F-4F2F-B51B-E0BC954E08AD}.Debug|x86.Build.0 = Debug|Any CPU
		{B19D1519-E18F-4F2F-B51B-E0BC954E08AD}.Release|Any CPU.ActiveCfg = Release|Any CPU
		{B19D1519-E18F-4F2F-B51B-E0BC954E08AD}.Release|Any CPU.Build.0 = Release|Any CPU
		{B19D1519-E18F-4F2F-B51B-E0BC954E08AD}.Release|x64.ActiveCfg = Release|Any CPU
		{B19D1519-E18F-4F2F-B51B-E0BC954E08AD}.Release|x64.Build.0 = Release|Any CPU
		{B19D1519-E18F-4F2F-B51B-E0BC954E08AD}.Release|x86.ActiveCfg = Release|Any CPU
		{B19D1519-E18F-4F2F-B51B-E0BC954E08AD}.Release|x86.Build.0 = Release|Any CPU
		{7680154A-E298-4D5F-88A1-148E33593532}.Debug|Any CPU.ActiveCfg = Debug|Any CPU
		{7680154A-E298-4D5F-88A1-148E33593532}.Debug|Any CPU.Build.0 = Debug|Any CPU
		{7680154A-E298-4D5F-88A1-148E33593532}.Debug|x64.ActiveCfg = Debug|Any CPU
		{7680154A-E298-4D5F-88A1-148E33593532}.Debug|x64.Build.0 = Debug|Any CPU
		{7680154A-E298-4D5F-88A1-148E33593532}.Debug|x86.ActiveCfg = Debug|Any CPU
		{7680154A-E298-4D5F-88A1-148E33593532}.Debug|x86.Build.0 = Debug|Any CPU
		{7680154A-E298-4D5F-88A1-148E33593532}.Release|Any CPU.ActiveCfg = Release|Any CPU
		{7680154A-E298-4D5F-88A1-148E33593532}.Release|Any CPU.Build.0 = Release|Any CPU
		{7680154A-E298-4D5F-88A1-148E33593532}.Release|x64.ActiveCfg = Release|Any CPU
		{7680154A-E298-4D5F-88A1-148E33593532}.Release|x64.Build.0 = Release|Any CPU
		{7680154A-E298-4D5F-88A1-148E33593532}.Release|x86.ActiveCfg = Release|Any CPU
		{7680154A-E298-4D5F-88A1-148E33593532}.Release|x86.Build.0 = Release|Any CPU
		{55CBF458-74EA-40D3-836A-4438D913F734}.Debug|Any CPU.ActiveCfg = Debug|Any CPU
		{55CBF458-74EA-40D3-836A-4438D913F734}.Debug|Any CPU.Build.0 = Debug|Any CPU
		{55CBF458-74EA-40D3-836A-4438D913F734}.Debug|x64.ActiveCfg = Debug|Any CPU
		{55CBF458-74EA-40D3-836A-4438D913F734}.Debug|x64.Build.0 = Debug|Any CPU
		{55CBF458-74EA-40D3-836A-4438D913F734}.Debug|x86.ActiveCfg = Debug|Any CPU
		{55CBF458-74EA-40D3-836A-4438D913F734}.Debug|x86.Build.0 = Debug|Any CPU
		{55CBF458-74EA-40D3-836A-4438D913F734}.Release|Any CPU.ActiveCfg = Release|Any CPU
		{55CBF458-74EA-40D3-836A-4438D913F734}.Release|Any CPU.Build.0 = Release|Any CPU
		{55CBF458-74EA-40D3-836A-4438D913F734}.Release|x64.ActiveCfg = Release|Any CPU
		{55CBF458-74EA-40D3-836A-4438D913F734}.Release|x64.Build.0 = Release|Any CPU
		{55CBF458-74EA-40D3-836A-4438D913F734}.Release|x86.ActiveCfg = Release|Any CPU
		{55CBF458-74EA-40D3-836A-4438D913F734}.Release|x86.Build.0 = Release|Any CPU
		{B1012392-6720-4625-91AC-AC515E201A50}.Debug|Any CPU.ActiveCfg = Debug|Any CPU
		{B1012392-6720-4625-91AC-AC515E201A50}.Debug|Any CPU.Build.0 = Debug|Any CPU
		{B1012392-6720-4625-91AC-AC515E201A50}.Debug|x64.ActiveCfg = Debug|Any CPU
		{B1012392-6720-4625-91AC-AC515E201A50}.Debug|x64.Build.0 = Debug|Any CPU
		{B1012392-6720-4625-91AC-AC515E201A50}.Debug|x86.ActiveCfg = Debug|Any CPU
		{B1012392-6720-4625-91AC-AC515E201A50}.Debug|x86.Build.0 = Debug|Any CPU
		{B1012392-6720-4625-91AC-AC515E201A50}.Release|Any CPU.ActiveCfg = Release|Any CPU
		{B1012392-6720-4625-91AC-AC515E201A50}.Release|Any CPU.Build.0 = Release|Any CPU
		{B1012392-6720-4625-91AC-AC515E201A50}.Release|x64.ActiveCfg = Release|Any CPU
		{B1012392-6720-4625-91AC-AC515E201A50}.Release|x64.Build.0 = Release|Any CPU
		{B1012392-6720-4625-91AC-AC515E201A50}.Release|x86.ActiveCfg = Release|Any CPU
		{B1012392-6720-4625-91AC-AC515E201A50}.Release|x86.Build.0 = Release|Any CPU
		{8D0C0517-D64E-47AC-BB85-B42682B45BB2}.Debug|Any CPU.ActiveCfg = Debug|Any CPU
		{8D0C0517-D64E-47AC-BB85-B42682B45BB2}.Debug|Any CPU.Build.0 = Debug|Any CPU
		{8D0C0517-D64E-47AC-BB85-B42682B45BB2}.Debug|x64.ActiveCfg = Debug|Any CPU
		{8D0C0517-D64E-47AC-BB85-B42682B45BB2}.Debug|x64.Build.0 = Debug|Any CPU
		{8D0C0517-D64E-47AC-BB85-B42682B45BB2}.Debug|x86.ActiveCfg = Debug|Any CPU
		{8D0C0517-D64E-47AC-BB85-B42682B45BB2}.Debug|x86.Build.0 = Debug|Any CPU
		{8D0C0517-D64E-47AC-BB85-B42682B45BB2}.Release|Any CPU.ActiveCfg = Release|Any CPU
		{8D0C0517-D64E-47AC-BB85-B42682B45BB2}.Release|Any CPU.Build.0 = Release|Any CPU
		{8D0C0517-D64E-47AC-BB85-B42682B45BB2}.Release|x64.ActiveCfg = Release|Any CPU
		{8D0C0517-D64E-47AC-BB85-B42682B45BB2}.Release|x64.Build.0 = Release|Any CPU
		{8D0C0517-D64E-47AC-BB85-B42682B45BB2}.Release|x86.ActiveCfg = Release|Any CPU
		{8D0C0517-D64E-47AC-BB85-B42682B45BB2}.Release|x86.Build.0 = Release|Any CPU
	EndGlobalSection
	GlobalSection(NestedProjects) = preSolution
		{47CED302-2F81-4386-9E0B-470B5B1B5A91} = {CBC2E3B2-6130-4960-9D41-0EB38AD20A85}
		{B19D1519-E18F-4F2F-B51B-E0BC954E08AD} = {CBC2E3B2-6130-4960-9D41-0EB38AD20A85}
		{7680154A-E298-4D5F-88A1-148E33593532} = {CBC2E3B2-6130-4960-9D41-0EB38AD20A85}
		{55CBF458-74EA-40D3-836A-4438D913F734} = {6A78088D-F89C-48F5-8533-F7B10E681B23}
		{B1012392-6720-4625-91AC-AC515E201A50} = {6A78088D-F89C-48F5-8533-F7B10E681B23}
		{8D0C0517-D64E-47AC-BB85-B42682B45BB2} = {548A4510-63DD-4813-9EEE-8BD0F7708479}
	EndGlobalSection
EndGlobal
