
Microsoft Visual Studio Solution File, Format Version 12.00
# Visual Studio Version 16
VisualStudioVersion = 16.6.30114.105
MinimumVisualStudioVersion = 10.0.40219.1
Project("{FAE04EC0-301F-11D3-BF4B-00C04F79EFBC}") = "Vysotsky.API", "Vysotsky.API\Vysotsky.API.csproj", "{1A1D7DD5-CB08-46F4-82EF-CCA80C1E5D03}"
EndProject
Project("{FAE04EC0-301F-11D3-BF4B-00C04F79EFBC}") = "Vysotsky.Data", "Vysotsky.Data\Vysotsky.Data.csproj", "{C009AF07-E189-4BB7-B730-369A94417186}"
EndProject
Project("{FAE04EC0-301F-11D3-BF4B-00C04F79EFBC}") = "Vysotsky.Migrations", "Vysotsky.Migrations\Vysotsky.Migrations.csproj", "{E623ABFD-8152-46D8-8ACC-953093CF922D}"
EndProject
Project("{FAE04EC0-301F-11D3-BF4B-00C04F79EFBC}") = "Vysotsky.Service", "Vysotsky.Service\Vysotsky.Service.csproj", "{57C76242-BF68-4E29-B09F-5F4C127E63DE}"
EndProject
Project("{FAE04EC0-301F-11D3-BF4B-00C04F79EFBC}") = "Vysotsky.Service.Tests.Integration", "Vysotsky.Service.Tests.Integration\Vysotsky.Service.Tests.Integration.csproj", "{356099C2-9C76-4441-A87B-2B36C9F5D0A6}"
EndProject
Global
	GlobalSection(SolutionConfigurationPlatforms) = preSolution
		Debug|Any CPU = Debug|Any CPU
		Debug|x64 = Debug|x64
		Debug|x86 = Debug|x86
		Release|Any CPU = Release|Any CPU
		Release|x64 = Release|x64
		Release|x86 = Release|x86
	EndGlobalSection
	GlobalSection(SolutionProperties) = preSolution
		HideSolutionNode = FALSE
	EndGlobalSection
	GlobalSection(ProjectConfigurationPlatforms) = postSolution
		{1A1D7DD5-CB08-46F4-82EF-CCA80C1E5D03}.Debug|Any CPU.ActiveCfg = Debug|Any CPU
		{1A1D7DD5-CB08-46F4-82EF-CCA80C1E5D03}.Debug|Any CPU.Build.0 = Debug|Any CPU
		{1A1D7DD5-CB08-46F4-82EF-CCA80C1E5D03}.Debug|x64.ActiveCfg = Debug|Any CPU
		{1A1D7DD5-CB08-46F4-82EF-CCA80C1E5D03}.Debug|x64.Build.0 = Debug|Any CPU
		{1A1D7DD5-CB08-46F4-82EF-CCA80C1E5D03}.Debug|x86.ActiveCfg = Debug|Any CPU
		{1A1D7DD5-CB08-46F4-82EF-CCA80C1E5D03}.Debug|x86.Build.0 = Debug|Any CPU
		{1A1D7DD5-CB08-46F4-82EF-CCA80C1E5D03}.Release|Any CPU.ActiveCfg = Release|Any CPU
		{1A1D7DD5-CB08-46F4-82EF-CCA80C1E5D03}.Release|Any CPU.Build.0 = Release|Any CPU
		{1A1D7DD5-CB08-46F4-82EF-CCA80C1E5D03}.Release|x64.ActiveCfg = Release|Any CPU
		{1A1D7DD5-CB08-46F4-82EF-CCA80C1E5D03}.Release|x64.Build.0 = Release|Any CPU
		{1A1D7DD5-CB08-46F4-82EF-CCA80C1E5D03}.Release|x86.ActiveCfg = Release|Any CPU
		{1A1D7DD5-CB08-46F4-82EF-CCA80C1E5D03}.Release|x86.Build.0 = Release|Any CPU
		{C009AF07-E189-4BB7-B730-369A94417186}.Debug|Any CPU.ActiveCfg = Debug|Any CPU
		{C009AF07-E189-4BB7-B730-369A94417186}.Debug|Any CPU.Build.0 = Debug|Any CPU
		{C009AF07-E189-4BB7-B730-369A94417186}.Debug|x64.ActiveCfg = Debug|Any CPU
		{C009AF07-E189-4BB7-B730-369A94417186}.Debug|x64.Build.0 = Debug|Any CPU
		{C009AF07-E189-4BB7-B730-369A94417186}.Debug|x86.ActiveCfg = Debug|Any CPU
		{C009AF07-E189-4BB7-B730-369A94417186}.Debug|x86.Build.0 = Debug|Any CPU
		{C009AF07-E189-4BB7-B730-369A94417186}.Release|Any CPU.ActiveCfg = Release|Any CPU
		{C009AF07-E189-4BB7-B730-369A94417186}.Release|Any CPU.Build.0 = Release|Any CPU
		{C009AF07-E189-4BB7-B730-369A94417186}.Release|x64.ActiveCfg = Release|Any CPU
		{C009AF07-E189-4BB7-B730-369A94417186}.Release|x64.Build.0 = Release|Any CPU
		{C009AF07-E189-4BB7-B730-369A94417186}.Release|x86.ActiveCfg = Release|Any CPU
		{C009AF07-E189-4BB7-B730-369A94417186}.Release|x86.Build.0 = Release|Any CPU
		{E623ABFD-8152-46D8-8ACC-953093CF922D}.Debug|Any CPU.ActiveCfg = Debug|Any CPU
		{E623ABFD-8152-46D8-8ACC-953093CF922D}.Debug|Any CPU.Build.0 = Debug|Any CPU
		{E623ABFD-8152-46D8-8ACC-953093CF922D}.Debug|x64.ActiveCfg = Debug|Any CPU
		{E623ABFD-8152-46D8-8ACC-953093CF922D}.Debug|x64.Build.0 = Debug|Any CPU
		{E623ABFD-8152-46D8-8ACC-953093CF922D}.Debug|x86.ActiveCfg = Debug|Any CPU
		{E623ABFD-8152-46D8-8ACC-953093CF922D}.Debug|x86.Build.0 = Debug|Any CPU
		{E623ABFD-8152-46D8-8ACC-953093CF922D}.Release|Any CPU.ActiveCfg = Release|Any CPU
		{E623ABFD-8152-46D8-8ACC-953093CF922D}.Release|Any CPU.Build.0 = Release|Any CPU
		{E623ABFD-8152-46D8-8ACC-953093CF922D}.Release|x64.ActiveCfg = Release|Any CPU
		{E623ABFD-8152-46D8-8ACC-953093CF922D}.Release|x64.Build.0 = Release|Any CPU
		{E623ABFD-8152-46D8-8ACC-953093CF922D}.Release|x86.ActiveCfg = Release|Any CPU
		{E623ABFD-8152-46D8-8ACC-953093CF922D}.Release|x86.Build.0 = Release|Any CPU
		{57C76242-BF68-4E29-B09F-5F4C127E63DE}.Debug|Any CPU.ActiveCfg = Debug|Any CPU
		{57C76242-BF68-4E29-B09F-5F4C127E63DE}.Debug|Any CPU.Build.0 = Debug|Any CPU
		{57C76242-BF68-4E29-B09F-5F4C127E63DE}.Debug|x64.ActiveCfg = Debug|Any CPU
		{57C76242-BF68-4E29-B09F-5F4C127E63DE}.Debug|x64.Build.0 = Debug|Any CPU
		{57C76242-BF68-4E29-B09F-5F4C127E63DE}.Debug|x86.ActiveCfg = Debug|Any CPU
		{57C76242-BF68-4E29-B09F-5F4C127E63DE}.Debug|x86.Build.0 = Debug|Any CPU
		{57C76242-BF68-4E29-B09F-5F4C127E63DE}.Release|Any CPU.ActiveCfg = Release|Any CPU
		{57C76242-BF68-4E29-B09F-5F4C127E63DE}.Release|Any CPU.Build.0 = Release|Any CPU
		{57C76242-BF68-4E29-B09F-5F4C127E63DE}.Release|x64.ActiveCfg = Release|Any CPU
		{57C76242-BF68-4E29-B09F-5F4C127E63DE}.Release|x64.Build.0 = Release|Any CPU
		{57C76242-BF68-4E29-B09F-5F4C127E63DE}.Release|x86.ActiveCfg = Release|Any CPU
		{57C76242-BF68-4E29-B09F-5F4C127E63DE}.Release|x86.Build.0 = Release|Any CPU
		{356099C2-9C76-4441-A87B-2B36C9F5D0A6}.Debug|Any CPU.ActiveCfg = Debug|Any CPU
		{356099C2-9C76-4441-A87B-2B36C9F5D0A6}.Debug|Any CPU.Build.0 = Debug|Any CPU
		{356099C2-9C76-4441-A87B-2B36C9F5D0A6}.Debug|x64.ActiveCfg = Debug|Any CPU
		{356099C2-9C76-4441-A87B-2B36C9F5D0A6}.Debug|x64.Build.0 = Debug|Any CPU
		{356099C2-9C76-4441-A87B-2B36C9F5D0A6}.Debug|x86.ActiveCfg = Debug|Any CPU
		{356099C2-9C76-4441-A87B-2B36C9F5D0A6}.Debug|x86.Build.0 = Debug|Any CPU
		{356099C2-9C76-4441-A87B-2B36C9F5D0A6}.Release|Any CPU.ActiveCfg = Release|Any CPU
		{356099C2-9C76-4441-A87B-2B36C9F5D0A6}.Release|Any CPU.Build.0 = Release|Any CPU
		{356099C2-9C76-4441-A87B-2B36C9F5D0A6}.Release|x64.ActiveCfg = Release|Any CPU
		{356099C2-9C76-4441-A87B-2B36C9F5D0A6}.Release|x64.Build.0 = Release|Any CPU
		{356099C2-9C76-4441-A87B-2B36C9F5D0A6}.Release|x86.ActiveCfg = Release|Any CPU
		{356099C2-9C76-4441-A87B-2B36C9F5D0A6}.Release|x86.Build.0 = Release|Any CPU
	EndGlobalSection
EndGlobal
